# THIS IS AN AUTOGENERATED FILE. DO NOT EDIT THIS FILE DIRECTLY.
# yarn lockfile v1


"@tokamak-network/deploy-v3@^1.0.4":
  version "1.0.4"
  resolved "https://registry.yarnpkg.com/@tokamak-network/deploy-v3/-/deploy-v3-1.0.4.tgz#7ae1c091ca2516f0b61a4a6c991765664dac602e"
  integrity sha512-EVTxixhb45zlvT5Tk+g34exEF8HfS37L6irsLFoTKEPflEZ90/LIRz4khzX/n4g3SV1a352s9xSvYrYFrT+4Nw==
